// !$*UTF8*$!
{
	archiveVersion = 1;
	classes = {
	};
	objectVersion = 46;
	objects = {

/* Begin PBXBuildFile section */
		EA9549291CAD868B007F27F0 /* Cocoa.framework in Frameworks */ = {isa = PBXBuildFile; fileRef = EA9549201CAD868B007F27F0 /* Cocoa.framework */; };
		EA95492A1CAD868B007F27F0 /* IOKit.framework in Frameworks */ = {isa = PBXBuildFile; fileRef = EA9549211CAD868B007F27F0 /* IOKit.framework */; };
		EA95492B1CAD868B007F27F0 /* CoreVideo.framework in Frameworks */ = {isa = PBXBuildFile; fileRef = EA9549221CAD868B007F27F0 /* CoreVideo.framework */; };
		EA95492C1CAD868B007F27F0 /* CoreFoundation.framework in Frameworks */ = {isa = PBXBuildFile; fileRef = EA9549231CAD868B007F27F0 /* CoreFoundation.framework */; };
		EA95492D1CAD868B007F27F0 /* OpenGL.framework in Frameworks */ = {isa = PBXBuildFile; fileRef = EA9549241CAD868B007F27F0 /* OpenGL.framework */; };
		EA95492E1CAD868B007F27F0 /* libglew.a in Frameworks */ = {isa = PBXBuildFile; fileRef = EA9549251CAD868B007F27F0 /* libglew.a */; };
		EA95492F1CAD868B007F27F0 /* libSOIL.a in Frameworks */ = {isa = PBXBuildFile; fileRef = EA9549261CAD868B007F27F0 /* libSOIL.a */; };
		EA9549301CAD868B007F27F0 /* libglfw3.a in Frameworks */ = {isa = PBXBuildFile; fileRef = EA9549271CAD868B007F27F0 /* libglfw3.a */; };
		EA9549331CAD86AF007F27F0 /* transform.cpp in Sources */ = {isa = PBXBuildFile; fileRef = EA9549311CAD86AF007F27F0 /* transform.cpp */; };
		EA95498A1CB122A4007F27F0 /* libgltool.a in Frameworks */ = {isa = PBXBuildFile; fileRef = EA9549891CB122A4007F27F0 /* libgltool.a */; };
		EA95498D1CB123D6007F27F0 /* container.jpg in Resources */ = {isa = PBXBuildFile; fileRef = EA95498B1CB123D6007F27F0 /* container.jpg */; };
		EA95498E1CB123D6007F27F0 /* awesomeface.png in Resources */ = {isa = PBXBuildFile; fileRef = EA95498C1CB123D6007F27F0 /* awesomeface.png */; };
		EA9549901CB123EC007F27F0 /* shader in Resources */ = {isa = PBXBuildFile; fileRef = EA95498F1CB123EC007F27F0 /* shader */; };
/* End PBXBuildFile section */

/* Begin PBXFileReference section */
		EA95490C1CAD864F007F27F0 /* transform.app */ = {isa = PBXFileReference; explicitFileType = wrapper.application; includeInIndex = 0; path = transform.app; sourceTree = BUILT_PRODUCTS_DIR; };
		EA95491A1CAD864F007F27F0 /* Info.plist */ = {isa = PBXFileReference; lastKnownFileType = text.plist.xml; path = Info.plist; sourceTree = "<group>"; };
		EA9549201CAD868B007F27F0 /* Cocoa.framework */ = {isa = PBXFileReference; lastKnownFileType = wrapper.framework; name = Cocoa.framework; path = /Applications/Xcode.app/Contents/Developer/Platforms/MacOSX.platform/Developer/SDKs/MacOSX10.11.sdk/System/Library/Frameworks/Cocoa.framework; sourceTree = "<absolute>"; };
		EA9549211CAD868B007F27F0 /* IOKit.framework */ = {isa = PBXFileReference; lastKnownFileType = wrapper.framework; name = IOKit.framework; path = /Applications/Xcode.app/Contents/Developer/Platforms/MacOSX.platform/Developer/SDKs/MacOSX10.11.sdk/System/Library/Frameworks/IOKit.framework; sourceTree = "<absolute>"; };
		EA9549221CAD868B007F27F0 /* CoreVideo.framework */ = {isa = PBXFileReference; lastKnownFileType = wrapper.framework; name = CoreVideo.framework; path = /Applications/Xcode.app/Contents/Developer/Platforms/MacOSX.platform/Developer/SDKs/MacOSX10.11.sdk/System/Library/Frameworks/CoreVideo.framework; sourceTree = "<absolute>"; };
		EA9549231CAD868B007F27F0 /* CoreFoundation.framework */ = {isa = PBXFileReference; lastKnownFileType = wrapper.framework; name = CoreFoundation.framework; path = /Applications/Xcode.app/Contents/Developer/Platforms/MacOSX.platform/Developer/SDKs/MacOSX10.11.sdk/System/Library/Frameworks/CoreFoundation.framework; sourceTree = "<absolute>"; };
		EA9549241CAD868B007F27F0 /* OpenGL.framework */ = {isa = PBXFileReference; lastKnownFileType = wrapper.framework; name = OpenGL.framework; path = /Applications/Xcode.app/Contents/Developer/Platforms/MacOSX.platform/Developer/SDKs/MacOSX10.11.sdk/System/Library/Frameworks/OpenGL.framework; sourceTree = "<absolute>"; };
		EA9549251CAD868B007F27F0 /* libglew.a */ = {isa = PBXFileReference; lastKnownFileType = archive.ar; name = libglew.a; path = ../../libs/libglew.a; sourceTree = "<group>"; };
		EA9549261CAD868B007F27F0 /* libSOIL.a */ = {isa = PBXFileReference; lastKnownFileType = archive.ar; name = libSOIL.a; path = /Users/tony/workspace/xcodeProject/learnOpenGL/libs/libSOIL.a; sourceTree = "<absolute>"; };
		EA9549271CAD868B007F27F0 /* libglfw3.a */ = {isa = PBXFileReference; lastKnownFileType = archive.ar; name = libglfw3.a; path = ../../libs/libglfw3.a; sourceTree = "<group>"; };
		EA9549311CAD86AF007F27F0 /* transform.cpp */ = {isa = PBXFileReference; fileEncoding = 4; lastKnownFileType = sourcecode.cpp.cpp; path = transform.cpp; sourceTree = "<group>"; };
		EA9549321CAD86AF007F27F0 /* transform.hpp */ = {isa = PBXFileReference; fileEncoding = 4; lastKnownFileType = sourcecode.cpp.h; path = transform.hpp; sourceTree = "<group>"; };
		EA9549891CB122A4007F27F0 /* libgltool.a */ = {isa = PBXFileReference; lastKnownFileType = archive.ar; name = libgltool.a; path = /Users/tony/workspace/xcodeProject/learnOpenGL/libs/libgltool.a; sourceTree = "<absolute>"; };
		EA95498B1CB123D6007F27F0 /* container.jpg */ = {isa = PBXFileReference; lastKnownFileType = image.jpeg; path = container.jpg; sourceTree = "<group>"; };
		EA95498C1CB123D6007F27F0 /* awesomeface.png */ = {isa = PBXFileReference; lastKnownFileType = image.png; path = awesomeface.png; sourceTree = "<group>"; };
		EA95498F1CB123EC007F27F0 /* shader */ = {isa = PBXFileReference; lastKnownFileType = folder; path = shader; sourceTree = "<group>"; };
/* End PBXFileReference section */

/* Begin PBXFrameworksBuildPhase section */
		EA9549091CAD864F007F27F0 /* Frameworks */ = {
			isa = PBXFrameworksBuildPhase;
			buildActionMask = 2147483647;
			files = (
				EA95492C1CAD868B007F27F0 /* CoreFoundation.framework in Frameworks */,
				EA9549291CAD868B007F27F0 /* Cocoa.framework in Frameworks */,
				EA95492F1CAD868B007F27F0 /* libSOIL.a in Frameworks */,
				EA9549301CAD868B007F27F0 /* libglfw3.a in Frameworks */,
				EA95492E1CAD868B007F27F0 /* libglew.a in Frameworks */,
				EA95492A1CAD868B007F27F0 /* IOKit.framework in Frameworks */,
				EA95492D1CAD868B007F27F0 /* OpenGL.framework in Frameworks */,
				EA95492B1CAD868B007F27F0 /* CoreVideo.framework in Frameworks */,
				EA95498A1CB122A4007F27F0 /* libgltool.a in Frameworks */,
			);
			runOnlyForDeploymentPostprocessing = 0;
		};
/* End PBXFrameworksBuildPhase section */

/* Begin PBXGroup section */
		EA9549031CAD864F007F27F0 = {
			isa = PBXGroup;
			children = (
				EA9549281CAD868B007F27F0 /* Frameworks */,
				EA95490E1CAD864F007F27F0 /* transform */,
				EA95490D1CAD864F007F27F0 /* Products */,
			);
			sourceTree = "<group>";
		};
		EA95490D1CAD864F007F27F0 /* Products */ = {
			isa = PBXGroup;
			children = (
				EA95490C1CAD864F007F27F0 /* transform.app */,
			);
			name = Products;
			sourceTree = "<group>";
		};
		EA95490E1CAD864F007F27F0 /* transform */ = {
			isa = PBXGroup;
			children = (
				EA95498F1CB123EC007F27F0 /* shader */,
				EA95498B1CB123D6007F27F0 /* container.jpg */,
				EA95498C1CB123D6007F27F0 /* awesomeface.png */,
				EA95491A1CAD864F007F27F0 /* Info.plist */,
				EA9549121CAD864F007F27F0 /* Supporting Files */,
			);
			path = transform;
			sourceTree = "<group>";
		};
		EA9549121CAD864F007F27F0 /* Supporting Files */ = {
			isa = PBXGroup;
			children = (
				EA9549311CAD86AF007F27F0 /* transform.cpp */,
				EA9549321CAD86AF007F27F0 /* transform.hpp */,
			);
			name = "Supporting Files";
			sourceTree = "<group>";
		};
		EA9549281CAD868B007F27F0 /* Frameworks */ = {
			isa = PBXGroup;
			children = (
				EA9549201CAD868B007F27F0 /* Cocoa.framework */,
				EA9549211CAD868B007F27F0 /* IOKit.framework */,
				EA9549221CAD868B007F27F0 /* CoreVideo.framework */,
				EA9549231CAD868B007F27F0 /* CoreFoundation.framework */,
				EA9549241CAD868B007F27F0 /* OpenGL.framework */,
				EA9549251CAD868B007F27F0 /* libglew.a */,
				EA9549891CB122A4007F27F0 /* libgltool.a */,
				EA9549261CAD868B007F27F0 /* libSOIL.a */,
				EA9549271CAD868B007F27F0 /* libglfw3.a */,
			);
			name = Frameworks;
			path = /Users/tony/workspace/xcodeProject/learnOpenGL/shadertest/../firstTriangle/firstTriangle;
			sourceTree = "<absolute>";
		};
/* End PBXGroup section */

/* Begin PBXNativeTarget section */
		EA95490B1CAD864F007F27F0 /* transform */ = {
			isa = PBXNativeTarget;
			buildConfigurationList = EA95491D1CAD864F007F27F0 /* Build configuration list for PBXNativeTarget "transform" */;
			buildPhases = (
				EA9549081CAD864F007F27F0 /* Sources */,
				EA9549091CAD864F007F27F0 /* Frameworks */,
				EA95490A1CAD864F007F27F0 /* Resources */,
			);
			buildRules = (
			);
			dependencies = (
			);
			name = transform;
			productName = transform;
			productReference = EA95490C1CAD864F007F27F0 /* transform.app */;
			productType = "com.apple.product-type.application";
		};
/* End PBXNativeTarget section */

/* Begin PBXProject section */
		EA9549041CAD864F007F27F0 /* Project object */ = {
			isa = PBXProject;
			attributes = {
				LastUpgradeCheck = 0730;
				ORGANIZATIONNAME = tony;
				TargetAttributes = {
					EA95490B1CAD864F007F27F0 = {
						CreatedOnToolsVersion = 7.3;
					};
				};
			};
			buildConfigurationList = EA9549071CAD864F007F27F0 /* Build configuration list for PBXProject "transform" */;
			compatibilityVersion = "Xcode 3.2";
			developmentRegion = English;
			hasScannedForEncodings = 0;
			knownRegions = (
				en,
				Base,
			);
			mainGroup = EA9549031CAD864F007F27F0;
			productRefGroup = EA95490D1CAD864F007F27F0 /* Products */;
			projectDirPath = "";
			projectRoot = "";
			targets = (
				EA95490B1CAD864F007F27F0 /* transform */,
			);
		};
/* End PBXProject section */

/* Begin PBXResourcesBuildPhase section */
		EA95490A1CAD864F007F27F0 /* Resources */ = {
			isa = PBXResourcesBuildPhase;
			buildActionMask = 2147483647;
			files = (
				EA95498E1CB123D6007F27F0 /* awesomeface.png in Resources */,
				EA9549901CB123EC007F27F0 /* shader in Resources */,
				EA95498D1CB123D6007F27F0 /* container.jpg in Resources */,
			);
			runOnlyForDeploymentPostprocessing = 0;
		};
/* End PBXResourcesBuildPhase section */

/* Begin PBXSourcesBuildPhase section */
		EA9549081CAD864F007F27F0 /* Sources */ = {
			isa = PBXSourcesBuildPhase;
			buildActionMask = 2147483647;
			files = (
				EA9549331CAD86AF007F27F0 /* transform.cpp in Sources */,
			);
			runOnlyForDeploymentPostprocessing = 0;
		};
/* End PBXSourcesBuildPhase section */

/* Begin XCBuildConfiguration section */
		EA95491B1CAD864F007F27F0 /* Debug */ = {
			isa = XCBuildConfiguration;
			buildSettings = {
				ALWAYS_SEARCH_USER_PATHS = NO;
				CLANG_ANALYZER_NONNULL = YES;
				CLANG_CXX_LANGUAGE_STANDARD = "gnu++0x";
				CLANG_CXX_LIBRARY = "libc++";
				CLANG_ENABLE_MODULES = YES;
				CLANG_ENABLE_OBJC_ARC = YES;
				CLANG_WARN_BOOL_CONVERSION = YES;
				CLANG_WARN_CONSTANT_CONVERSION = YES;
				CLANG_WARN_DIRECT_OBJC_ISA_USAGE = YES_ERROR;
				CLANG_WARN_EMPTY_BODY = YES;
				CLANG_WARN_ENUM_CONVERSION = YES;
				CLANG_WARN_INT_CONVERSION = YES;
				CLANG_WARN_OBJC_ROOT_CLASS = YES_ERROR;
				CLANG_WARN_UNREACHABLE_CODE = YES;
				CLANG_WARN__DUPLICATE_METHOD_MATCH = YES;
				CODE_SIGN_IDENTITY = "-";
				COPY_PHASE_STRIP = NO;
				DEBUG_INFORMATION_FORMAT = dwarf;
				ENABLE_STRICT_OBJC_MSGSEND = YES;
				ENABLE_TESTABILITY = YES;
				GCC_C_LANGUAGE_STANDARD = gnu99;
				GCC_DYNAMIC_NO_PIC = NO;
				GCC_NO_COMMON_BLOCKS = YES;
				GCC_OPTIMIZATION_LEVEL = 0;
				GCC_PREPROCESSOR_DEFINITIONS = (
					"DEBUG=1",
					"$(inherited)",
				);
				GCC_WARN_64_TO_32_BIT_CONVERSION = YES;
				GCC_WARN_ABOUT_RETURN_TYPE = YES_ERROR;
				GCC_WARN_UNDECLARED_SELECTOR = YES;
				GCC_WARN_UNINITIALIZED_AUTOS = YES_AGGRESSIVE;
				GCC_WARN_UNUSED_FUNCTION = YES;
				GCC_WARN_UNUSED_VARIABLE = YES;
				MACOSX_DEPLOYMENT_TARGET = 10.11;
				MTL_ENABLE_DEBUG_INFO = YES;
				ONLY_ACTIVE_ARCH = YES;
				SDKROOT = macosx;
			};
			name = Debug;
		};
		EA95491C1CAD864F007F27F0 /* Release */ = {
			isa = XCBuildConfiguration;
			buildSettings = {
				ALWAYS_SEARCH_USER_PATHS = NO;
				CLANG_ANALYZER_NONNULL = YES;
				CLANG_CXX_LANGUAGE_STANDARD = "gnu++0x";
				CLANG_CXX_LIBRARY = "libc++";
				CLANG_ENABLE_MODULES = YES;
				CLANG_ENABLE_OBJC_ARC = YES;
				CLANG_WARN_BOOL_CONVERSION = YES;
				CLANG_WARN_CONSTANT_CONVERSION = YES;
				CLANG_WARN_DIRECT_OBJC_ISA_USAGE = YES_ERROR;
				CLANG_WARN_EMPTY_BODY = YES;
				CLANG_WARN_ENUM_CONVERSION = YES;
				CLANG_WARN_INT_CONVERSION = YES;
				CLANG_WARN_OBJC_ROOT_CLASS = YES_ERROR;
				CLANG_WARN_UNREACHABLE_CODE = YES;
				CLANG_WARN__DUPLICATE_METHOD_MATCH = YES;
				CODE_SIGN_IDENTITY = "-";
				COPY_PHASE_STRIP = NO;
				DEBUG_INFORMATION_FORMAT = "dwarf-with-dsym";
				ENABLE_NS_ASSERTIONS = NO;
				ENABLE_STRICT_OBJC_MSGSEND = YES;
				GCC_C_LANGUAGE_STANDARD = gnu99;
				GCC_NO_COMMON_BLOCKS = YES;
				GCC_WARN_64_TO_32_BIT_CONVERSION = YES;
				GCC_WARN_ABOUT_RETURN_TYPE = YES_ERROR;
				GCC_WARN_UNDECLARED_SELECTOR = YES;
				GCC_WARN_UNINITIALIZED_AUTOS = YES_AGGRESSIVE;
				GCC_WARN_UNUSED_FUNCTION = YES;
				GCC_WARN_UNUSED_VARIABLE = YES;
				MACOSX_DEPLOYMENT_TARGET = 10.11;
				MTL_ENABLE_DEBUG_INFO = NO;
				SDKROOT = macosx;
			};
			name = Release;
		};
		EA95491E1CAD864F007F27F0 /* Debug */ = {
			isa = XCBuildConfiguration;
			buildSettings = {
				ASSETCATALOG_COMPILER_APPICON_NAME = AppIcon;
				COMBINE_HIDPI_IMAGES = YES;
				HEADER_SEARCH_PATHS = "$(SRCROOT)/../include";
				INFOPLIST_FILE = transform/Info.plist;
				LD_RUNPATH_SEARCH_PATHS = "$(inherited) @executable_path/../Frameworks";
				LIBRARY_SEARCH_PATHS = "$(SRCROOT)/../libs";
				PRODUCT_BUNDLE_IDENTIFIER = zhang.transform;
				PRODUCT_NAME = "$(TARGET_NAME)";
			};
			name = Debug;
		};
		EA95491F1CAD864F007F27F0 /* Release */ = {
			isa = XCBuildConfiguration;
			buildSettings = {
				ASSETCATALOG_COMPILER_APPICON_NAME = AppIcon;
				COMBINE_HIDPI_IMAGES = YES;
				HEADER_SEARCH_PATHS = "$(SRCROOT)/../include";
				INFOPLIST_FILE = transform/Info.plist;
				LD_RUNPATH_SEARCH_PATHS = "$(inherited) @executable_path/../Frameworks";
				LIBRARY_SEARCH_PATHS = "$(SRCROOT)/../libs";
				PRODUCT_BUNDLE_IDENTIFIER = zhang.transform;
				PRODUCT_NAME = "$(TARGET_NAME)";
			};
			name = Release;
		};
/* End XCBuildConfiguration section */

/* Begin XCConfigurationList section */
		EA9549071CAD864F007F27F0 /* Build configuration list for PBXProject "transform" */ = {
			isa = XCConfigurationList;
			buildConfigurations = (
				EA95491B1CAD864F007F27F0 /* Debug */,
				EA95491C1CAD864F007F27F0 /* Release */,
			);
			defaultConfigurationIsVisible = 0;
			defaultConfigurationName = Release;
		};
		EA95491D1CAD864F007F27F0 /* Build configuration list for PBXNativeTarget "transform" */ = {
			isa = XCConfigurationList;
			buildConfigurations = (
				EA95491E1CAD864F007F27F0 /* Debug */,
				EA95491F1CAD864F007F27F0 /* Release */,
			);
			defaultConfigurationIsVisible = 0;
			defaultConfigurationName = Release;
		};
/* End XCConfigurationList section */
	};
	rootObject = EA9549041CAD864F007F27F0 /* Project object */;
}
